# THIS IS AN AUTOGENERATED FILE. DO NOT EDIT THIS FILE DIRECTLY.
# yarn lockfile v1


js-combinatorics@^2.1.1:
  version "2.1.1"
  resolved "https://registry.yarnpkg.com/js-combinatorics/-/js-combinatorics-2.1.1.tgz#00d1363c125f2d42074eeaf99ac10bef2b5e9e90"
  integrity sha512-jKLV+oIyz0TCr7GBhyuOwngntu1rCxSO+lbVTS232HYowA13CTk0RSmPq6nuXGLFaq2ZWLDQqEwJ6LCDnYR0+A==
